
Microsoft Visual Studio Solution File, Format Version 12.00
# Visual Studio 14
VisualStudioVersion = 14.0.25420.1
MinimumVisualStudioVersion = 10.0.40219.1
Project("{FAE04EC0-301F-11D3-BF4B-00C04F79EFBC}") = "Ide", "Ide\Ide.csproj", "{A945F207-93D9-48A8-8A67-9A717E00FBB1}"
EndProject
Project("{FAE04EC0-301F-11D3-BF4B-00C04F79EFBC}") = "IdeEditor", "IdeEditor\IdeEditor.csproj", "{13A5B497-BA12-45AE-9033-22620C3153FB}"
EndProject
Project("{FAE04EC0-301F-11D3-BF4B-00C04F79EFBC}") = "AvalonDock", "AvalonDock\AvalonDock.csproj", "{DB81988F-E0F2-45A0-A1FD-8C37F3D35244}"
EndProject
Project("{FAE04EC0-301F-11D3-BF4B-00C04F79EFBC}") = "AvalonEdit", "AvalonEdit\AvalonEdit.csproj", "{68FDDC32-CD6E-4388-AA8A-78820719EA42}"
EndProject
Project("{FAE04EC0-301F-11D3-BF4B-00C04F79EFBC}") = "pc", "pc\pc.csproj", "{12DF0A3A-1EA1-4DB5-BEAA-2E9F4E7CFD04}"
EndProject
Project("{FAE04EC0-301F-11D3-BF4B-00C04F79EFBC}") = "Support", "Support\Support.csproj", "{426D0770-3E13-4763-9ABE-740CF682F3D8}"
EndProject
Project("{2150E333-8FDC-42A3-9474-1A3956D46DE8}") = "Solution Items", "Solution Items", "{C559A03B-ABB5-40CE-9226-61DD5C26B44C}"
	ProjectSection(SolutionItems) = preProject
		Performance1.psess = Performance1.psess
	EndProjectSection
EndProject
Project("{FAE04EC0-301F-11D3-BF4B-00C04F79EFBC}") = "LiftLib", "..\Lift\LiftLib\LiftLib.csproj", "{6C3F4206-4A00-4BE0-9833-F234DAF31A0E}"
EndProject
Global
	GlobalSection(SolutionConfigurationPlatforms) = preSolution
		CD_ROM|Any CPU = CD_ROM|Any CPU
		CD_ROM|Mixed Platforms = CD_ROM|Mixed Platforms
		CD_ROM|x64 = CD_ROM|x64
		CD_ROM|x86 = CD_ROM|x86
		Debug|Any CPU = Debug|Any CPU
		Debug|Mixed Platforms = Debug|Mixed Platforms
		Debug|x64 = Debug|x64
		Debug|x86 = Debug|x86
		DVD-5|Any CPU = DVD-5|Any CPU
		DVD-5|Mixed Platforms = DVD-5|Mixed Platforms
		DVD-5|x64 = DVD-5|x64
		DVD-5|x86 = DVD-5|x86
		Release|Any CPU = Release|Any CPU
		Release|Mixed Platforms = Release|Mixed Platforms
		Release|x64 = Release|x64
		Release|x86 = Release|x86
		SingleImage|Any CPU = SingleImage|Any CPU
		SingleImage|Mixed Platforms = SingleImage|Mixed Platforms
		SingleImage|x64 = SingleImage|x64
		SingleImage|x86 = SingleImage|x86
	EndGlobalSection
	GlobalSection(ProjectConfigurationPlatforms) = postSolution
		{A945F207-93D9-48A8-8A67-9A717E00FBB1}.CD_ROM|Any CPU.ActiveCfg = Release|Any CPU
		{A945F207-93D9-48A8-8A67-9A717E00FBB1}.CD_ROM|Any CPU.Build.0 = Release|Any CPU
		{A945F207-93D9-48A8-8A67-9A717E00FBB1}.CD_ROM|Mixed Platforms.ActiveCfg = Release|x86
		{A945F207-93D9-48A8-8A67-9A717E00FBB1}.CD_ROM|Mixed Platforms.Build.0 = Release|x86
		{A945F207-93D9-48A8-8A67-9A717E00FBB1}.CD_ROM|x64.ActiveCfg = Release|x64
		{A945F207-93D9-48A8-8A67-9A717E00FBB1}.CD_ROM|x64.Build.0 = Release|x64
		{A945F207-93D9-48A8-8A67-9A717E00FBB1}.CD_ROM|x86.ActiveCfg = Release|x86
		{A945F207-93D9-48A8-8A67-9A717E00FBB1}.CD_ROM|x86.Build.0 = Release|x86
		{A945F207-93D9-48A8-8A67-9A717E00FBB1}.Debug|Any CPU.ActiveCfg = Debug|Any CPU
		{A945F207-93D9-48A8-8A67-9A717E00FBB1}.Debug|Any CPU.Build.0 = Debug|Any CPU
		{A945F207-93D9-48A8-8A67-9A717E00FBB1}.Debug|Mixed Platforms.ActiveCfg = Debug|x86
		{A945F207-93D9-48A8-8A67-9A717E00FBB1}.Debug|Mixed Platforms.Build.0 = Debug|x86
		{A945F207-93D9-48A8-8A67-9A717E00FBB1}.Debug|x64.ActiveCfg = Debug|Any CPU
		{A945F207-93D9-48A8-8A67-9A717E00FBB1}.Debug|x64.Build.0 = Debug|Any CPU
		{A945F207-93D9-48A8-8A67-9A717E00FBB1}.Debug|x86.ActiveCfg = Debug|x86
		{A945F207-93D9-48A8-8A67-9A717E00FBB1}.Debug|x86.Build.0 = Debug|x86
		{A945F207-93D9-48A8-8A67-9A717E00FBB1}.DVD-5|Any CPU.ActiveCfg = Debug|Any CPU
		{A945F207-93D9-48A8-8A67-9A717E00FBB1}.DVD-5|Any CPU.Build.0 = Debug|Any CPU
		{A945F207-93D9-48A8-8A67-9A717E00FBB1}.DVD-5|Mixed Platforms.ActiveCfg = Debug|x86
		{A945F207-93D9-48A8-8A67-9A717E00FBB1}.DVD-5|Mixed Platforms.Build.0 = Debug|x86
		{A945F207-93D9-48A8-8A67-9A717E00FBB1}.DVD-5|x64.ActiveCfg = Debug|x64
		{A945F207-93D9-48A8-8A67-9A717E00FBB1}.DVD-5|x64.Build.0 = Debug|x64
		{A945F207-93D9-48A8-8A67-9A717E00FBB1}.DVD-5|x86.ActiveCfg = Debug|x86
		{A945F207-93D9-48A8-8A67-9A717E00FBB1}.DVD-5|x86.Build.0 = Debug|x86
		{A945F207-93D9-48A8-8A67-9A717E00FBB1}.Release|Any CPU.ActiveCfg = Release|Any CPU
		{A945F207-93D9-48A8-8A67-9A717E00FBB1}.Release|Any CPU.Build.0 = Release|Any CPU
		{A945F207-93D9-48A8-8A67-9A717E00FBB1}.Release|Mixed Platforms.ActiveCfg = Release|x86
		{A945F207-93D9-48A8-8A67-9A717E00FBB1}.Release|Mixed Platforms.Build.0 = Release|x86
		{A945F207-93D9-48A8-8A67-9A717E00FBB1}.Release|x64.ActiveCfg = Release|Any CPU
		{A945F207-93D9-48A8-8A67-9A717E00FBB1}.Release|x86.ActiveCfg = Release|x86
		{A945F207-93D9-48A8-8A67-9A717E00FBB1}.Release|x86.Build.0 = Release|x86
		{A945F207-93D9-48A8-8A67-9A717E00FBB1}.SingleImage|Any CPU.ActiveCfg = Release|Any CPU
		{A945F207-93D9-48A8-8A67-9A717E00FBB1}.SingleImage|Any CPU.Build.0 = Release|Any CPU
		{A945F207-93D9-48A8-8A67-9A717E00FBB1}.SingleImage|Mixed Platforms.ActiveCfg = Release|x86
		{A945F207-93D9-48A8-8A67-9A717E00FBB1}.SingleImage|Mixed Platforms.Build.0 = Release|x86
		{A945F207-93D9-48A8-8A67-9A717E00FBB1}.SingleImage|x64.ActiveCfg = Release|x64
		{A945F207-93D9-48A8-8A67-9A717E00FBB1}.SingleImage|x64.Build.0 = Release|x64
		{A945F207-93D9-48A8-8A67-9A717E00FBB1}.SingleImage|x86.ActiveCfg = Release|x86
		{A945F207-93D9-48A8-8A67-9A717E00FBB1}.SingleImage|x86.Build.0 = Release|x86
		{13A5B497-BA12-45AE-9033-22620C3153FB}.CD_ROM|Any CPU.ActiveCfg = Release|Any CPU
		{13A5B497-BA12-45AE-9033-22620C3153FB}.CD_ROM|Any CPU.Build.0 = Release|Any CPU
		{13A5B497-BA12-45AE-9033-22620C3153FB}.CD_ROM|Mixed Platforms.ActiveCfg = Release|x86
		{13A5B497-BA12-45AE-9033-22620C3153FB}.CD_ROM|Mixed Platforms.Build.0 = Release|x86
		{13A5B497-BA12-45AE-9033-22620C3153FB}.CD_ROM|x64.ActiveCfg = Release|x64
		{13A5B497-BA12-45AE-9033-22620C3153FB}.CD_ROM|x64.Build.0 = Release|x64
		{13A5B497-BA12-45AE-9033-22620C3153FB}.CD_ROM|x86.ActiveCfg = Release|x86
		{13A5B497-BA12-45AE-9033-22620C3153FB}.CD_ROM|x86.Build.0 = Release|x86
		{13A5B497-BA12-45AE-9033-22620C3153FB}.Debug|Any CPU.ActiveCfg = Debug|Any CPU
		{13A5B497-BA12-45AE-9033-22620C3153FB}.Debug|Any CPU.Build.0 = Debug|Any CPU
		{13A5B497-BA12-45AE-9033-22620C3153FB}.Debug|Mixed Platforms.ActiveCfg = Debug|x86
		{13A5B497-BA12-45AE-9033-22620C3153FB}.Debug|Mixed Platforms.Build.0 = Debug|x86
		{13A5B497-BA12-45AE-9033-22620C3153FB}.Debug|x64.ActiveCfg = Debug|x64
		{13A5B497-BA12-45AE-9033-22620C3153FB}.Debug|x64.Build.0 = Debug|x64
		{13A5B497-BA12-45AE-9033-22620C3153FB}.Debug|x86.ActiveCfg = Debug|x86
		{13A5B497-BA12-45AE-9033-22620C3153FB}.Debug|x86.Build.0 = Debug|x86
		{13A5B497-BA12-45AE-9033-22620C3153FB}.DVD-5|Any CPU.ActiveCfg = Debug|Any CPU
		{13A5B497-BA12-45AE-9033-22620C3153FB}.DVD-5|Any CPU.Build.0 = Debug|Any CPU
		{13A5B497-BA12-45AE-9033-22620C3153FB}.DVD-5|Mixed Platforms.ActiveCfg = Debug|x86
		{13A5B497-BA12-45AE-9033-22620C3153FB}.DVD-5|Mixed Platforms.Build.0 = Debug|x86
		{13A5B497-BA12-45AE-9033-22620C3153FB}.DVD-5|x64.ActiveCfg = Debug|x64
		{13A5B497-BA12-45AE-9033-22620C3153FB}.DVD-5|x64.Build.0 = Debug|x64
		{13A5B497-BA12-45AE-9033-22620C3153FB}.DVD-5|x86.ActiveCfg = Debug|x86
		{13A5B497-BA12-45AE-9033-22620C3153FB}.DVD-5|x86.Build.0 = Debug|x86
		{13A5B497-BA12-45AE-9033-22620C3153FB}.Release|Any CPU.ActiveCfg = Release|Any CPU
		{13A5B497-BA12-45AE-9033-22620C3153FB}.Release|Any CPU.Build.0 = Release|Any CPU
		{13A5B497-BA12-45AE-9033-22620C3153FB}.Release|Mixed Platforms.ActiveCfg = Release|x86
		{13A5B497-BA12-45AE-9033-22620C3153FB}.Release|Mixed Platforms.Build.0 = Release|x86
		{13A5B497-BA12-45AE-9033-22620C3153FB}.Release|x64.ActiveCfg = Release|x64
		{13A5B497-BA12-45AE-9033-22620C3153FB}.Release|x64.Build.0 = Release|x64
		{13A5B497-BA12-45AE-9033-22620C3153FB}.Release|x86.ActiveCfg = Release|x86
		{13A5B497-BA12-45AE-9033-22620C3153FB}.Release|x86.Build.0 = Release|x86
		{13A5B497-BA12-45AE-9033-22620C3153FB}.SingleImage|Any CPU.ActiveCfg = Release|Any CPU
		{13A5B497-BA12-45AE-9033-22620C3153FB}.SingleImage|Any CPU.Build.0 = Release|Any CPU
		{13A5B497-BA12-45AE-9033-22620C3153FB}.SingleImage|Mixed Platforms.ActiveCfg = Release|x86
		{13A5B497-BA12-45AE-9033-22620C3153FB}.SingleImage|Mixed Platforms.Build.0 = Release|x86
		{13A5B497-BA12-45AE-9033-22620C3153FB}.SingleImage|x64.ActiveCfg = Release|x64
		{13A5B497-BA12-45AE-9033-22620C3153FB}.SingleImage|x64.Build.0 = Release|x64
		{13A5B497-BA12-45AE-9033-22620C3153FB}.SingleImage|x86.ActiveCfg = Release|x86
		{13A5B497-BA12-45AE-9033-22620C3153FB}.SingleImage|x86.Build.0 = Release|x86
		{DB81988F-E0F2-45A0-A1FD-8C37F3D35244}.CD_ROM|Any CPU.ActiveCfg = Release|Any CPU
		{DB81988F-E0F2-45A0-A1FD-8C37F3D35244}.CD_ROM|Any CPU.Build.0 = Release|Any CPU
		{DB81988F-E0F2-45A0-A1FD-8C37F3D35244}.CD_ROM|Mixed Platforms.ActiveCfg = Release|x86
		{DB81988F-E0F2-45A0-A1FD-8C37F3D35244}.CD_ROM|Mixed Platforms.Build.0 = Release|x86
		{DB81988F-E0F2-45A0-A1FD-8C37F3D35244}.CD_ROM|x64.ActiveCfg = Release|x64
		{DB81988F-E0F2-45A0-A1FD-8C37F3D35244}.CD_ROM|x64.Build.0 = Release|x64
		{DB81988F-E0F2-45A0-A1FD-8C37F3D35244}.CD_ROM|x86.ActiveCfg = Release|x86
		{DB81988F-E0F2-45A0-A1FD-8C37F3D35244}.CD_ROM|x86.Build.0 = Release|x86
		{DB81988F-E0F2-45A0-A1FD-8C37F3D35244}.Debug|Any CPU.ActiveCfg = Debug|Any CPU
		{DB81988F-E0F2-45A0-A1FD-8C37F3D35244}.Debug|Any CPU.Build.0 = Debug|Any CPU
		{DB81988F-E0F2-45A0-A1FD-8C37F3D35244}.Debug|Mixed Platforms.ActiveCfg = Debug|x86
		{DB81988F-E0F2-45A0-A1FD-8C37F3D35244}.Debug|Mixed Platforms.Build.0 = Debug|x86
		{DB81988F-E0F2-45A0-A1FD-8C37F3D35244}.Debug|x64.ActiveCfg = Debug|x64
		{DB81988F-E0F2-45A0-A1FD-8C37F3D35244}.Debug|x64.Build.0 = Debug|x64
		{DB81988F-E0F2-45A0-A1FD-8C37F3D35244}.Debug|x86.ActiveCfg = Debug|x86
		{DB81988F-E0F2-45A0-A1FD-8C37F3D35244}.Debug|x86.Build.0 = Debug|x86
		{DB81988F-E0F2-45A0-A1FD-8C37F3D35244}.DVD-5|Any CPU.ActiveCfg = Debug|Any CPU
		{DB81988F-E0F2-45A0-A1FD-8C37F3D35244}.DVD-5|Any CPU.Build.0 = Debug|Any CPU
		{DB81988F-E0F2-45A0-A1FD-8C37F3D35244}.DVD-5|Mixed Platforms.ActiveCfg = Debug|x86
		{DB81988F-E0F2-45A0-A1FD-8C37F3D35244}.DVD-5|Mixed Platforms.Build.0 = Debug|x86
		{DB81988F-E0F2-45A0-A1FD-8C37F3D35244}.DVD-5|x64.ActiveCfg = Debug|x64
		{DB81988F-E0F2-45A0-A1FD-8C37F3D35244}.DVD-5|x64.Build.0 = Debug|x64
		{DB81988F-E0F2-45A0-A1FD-8C37F3D35244}.DVD-5|x86.ActiveCfg = Debug|x86
		{DB81988F-E0F2-45A0-A1FD-8C37F3D35244}.DVD-5|x86.Build.0 = Debug|x86
		{DB81988F-E0F2-45A0-A1FD-8C37F3D35244}.Release|Any CPU.ActiveCfg = Release|Any CPU
		{DB81988F-E0F2-45A0-A1FD-8C37F3D35244}.Release|Any CPU.Build.0 = Release|Any CPU
		{DB81988F-E0F2-45A0-A1FD-8C37F3D35244}.Release|Mixed Platforms.ActiveCfg = Release|x86
		{DB81988F-E0F2-45A0-A1FD-8C37F3D35244}.Release|Mixed Platforms.Build.0 = Release|x86
		{DB81988F-E0F2-45A0-A1FD-8C37F3D35244}.Release|x64.ActiveCfg = Release|x64
		{DB81988F-E0F2-45A0-A1FD-8C37F3D35244}.Release|x64.Build.0 = Release|x64
		{DB81988F-E0F2-45A0-A1FD-8C37F3D35244}.Release|x86.ActiveCfg = Release|x86
		{DB81988F-E0F2-45A0-A1FD-8C37F3D35244}.Release|x86.Build.0 = Release|x86
		{DB81988F-E0F2-45A0-A1FD-8C37F3D35244}.SingleImage|Any CPU.ActiveCfg = Release|Any CPU
		{DB81988F-E0F2-45A0-A1FD-8C37F3D35244}.SingleImage|Any CPU.Build.0 = Release|Any CPU
		{DB81988F-E0F2-45A0-A1FD-8C37F3D35244}.SingleImage|Mixed Platforms.ActiveCfg = Release|x86
		{DB81988F-E0F2-45A0-A1FD-8C37F3D35244}.SingleImage|Mixed Platforms.Build.0 = Release|x86
		{DB81988F-E0F2-45A0-A1FD-8C37F3D35244}.SingleImage|x64.ActiveCfg = Release|x64
		{DB81988F-E0F2-45A0-A1FD-8C37F3D35244}.SingleImage|x64.Build.0 = Release|x64
		{DB81988F-E0F2-45A0-A1FD-8C37F3D35244}.SingleImage|x86.ActiveCfg = Release|x86
		{DB81988F-E0F2-45A0-A1FD-8C37F3D35244}.SingleImage|x86.Build.0 = Release|x86
		{68FDDC32-CD6E-4388-AA8A-78820719EA42}.CD_ROM|Any CPU.ActiveCfg = Release|Any CPU
		{68FDDC32-CD6E-4388-AA8A-78820719EA42}.CD_ROM|Any CPU.Build.0 = Release|Any CPU
		{68FDDC32-CD6E-4388-AA8A-78820719EA42}.CD_ROM|Mixed Platforms.ActiveCfg = Release|x86
		{68FDDC32-CD6E-4388-AA8A-78820719EA42}.CD_ROM|Mixed Platforms.Build.0 = Release|x86
		{68FDDC32-CD6E-4388-AA8A-78820719EA42}.CD_ROM|x64.ActiveCfg = Release|x64
		{68FDDC32-CD6E-4388-AA8A-78820719EA42}.CD_ROM|x64.Build.0 = Release|x64
		{68FDDC32-CD6E-4388-AA8A-78820719EA42}.CD_ROM|x86.ActiveCfg = Release|x86
		{68FDDC32-CD6E-4388-AA8A-78820719EA42}.CD_ROM|x86.Build.0 = Release|x86
		{68FDDC32-CD6E-4388-AA8A-78820719EA42}.Debug|Any CPU.ActiveCfg = Debug|Any CPU
		{68FDDC32-CD6E-4388-AA8A-78820719EA42}.Debug|Any CPU.Build.0 = Debug|Any CPU
		{68FDDC32-CD6E-4388-AA8A-78820719EA42}.Debug|Mixed Platforms.ActiveCfg = Debug|x86
		{68FDDC32-CD6E-4388-AA8A-78820719EA42}.Debug|Mixed Platforms.Build.0 = Debug|x86
		{68FDDC32-CD6E-4388-AA8A-78820719EA42}.Debug|x64.ActiveCfg = Debug|x64
		{68FDDC32-CD6E-4388-AA8A-78820719EA42}.Debug|x64.Build.0 = Debug|x64
		{68FDDC32-CD6E-4388-AA8A-78820719EA42}.Debug|x86.ActiveCfg = Debug|x86
		{68FDDC32-CD6E-4388-AA8A-78820719EA42}.Debug|x86.Build.0 = Debug|x86
		{68FDDC32-CD6E-4388-AA8A-78820719EA42}.DVD-5|Any CPU.ActiveCfg = Debug|Any CPU
		{68FDDC32-CD6E-4388-AA8A-78820719EA42}.DVD-5|Any CPU.Build.0 = Debug|Any CPU
		{68FDDC32-CD6E-4388-AA8A-78820719EA42}.DVD-5|Mixed Platforms.ActiveCfg = Debug|x86
		{68FDDC32-CD6E-4388-AA8A-78820719EA42}.DVD-5|Mixed Platforms.Build.0 = Debug|x86
		{68FDDC32-CD6E-4388-AA8A-78820719EA42}.DVD-5|x64.ActiveCfg = Debug|x64
		{68FDDC32-CD6E-4388-AA8A-78820719EA42}.DVD-5|x64.Build.0 = Debug|x64
		{68FDDC32-CD6E-4388-AA8A-78820719EA42}.DVD-5|x86.ActiveCfg = Debug|x86
		{68FDDC32-CD6E-4388-AA8A-78820719EA42}.DVD-5|x86.Build.0 = Debug|x86
		{68FDDC32-CD6E-4388-AA8A-78820719EA42}.Release|Any CPU.ActiveCfg = Release|Any CPU
		{68FDDC32-CD6E-4388-AA8A-78820719EA42}.Release|Any CPU.Build.0 = Release|Any CPU
		{68FDDC32-CD6E-4388-AA8A-78820719EA42}.Release|Mixed Platforms.ActiveCfg = Release|x86
		{68FDDC32-CD6E-4388-AA8A-78820719EA42}.Release|Mixed Platforms.Build.0 = Release|x86
		{68FDDC32-CD6E-4388-AA8A-78820719EA42}.Release|x64.ActiveCfg = Release|x64
		{68FDDC32-CD6E-4388-AA8A-78820719EA42}.Release|x64.Build.0 = Release|x64
		{68FDDC32-CD6E-4388-AA8A-78820719EA42}.Release|x86.ActiveCfg = Release|x86
		{68FDDC32-CD6E-4388-AA8A-78820719EA42}.Release|x86.Build.0 = Release|x86
		{68FDDC32-CD6E-4388-AA8A-78820719EA42}.SingleImage|Any CPU.ActiveCfg = Release|Any CPU
		{68FDDC32-CD6E-4388-AA8A-78820719EA42}.SingleImage|Any CPU.Build.0 = Release|Any CPU
		{68FDDC32-CD6E-4388-AA8A-78820719EA42}.SingleImage|Mixed Platforms.ActiveCfg = Release|x86
		{68FDDC32-CD6E-4388-AA8A-78820719EA42}.SingleImage|Mixed Platforms.Build.0 = Release|x86
		{68FDDC32-CD6E-4388-AA8A-78820719EA42}.SingleImage|x64.ActiveCfg = Release|x64
		{68FDDC32-CD6E-4388-AA8A-78820719EA42}.SingleImage|x64.Build.0 = Release|x64
		{68FDDC32-CD6E-4388-AA8A-78820719EA42}.SingleImage|x86.ActiveCfg = Release|x86
		{68FDDC32-CD6E-4388-AA8A-78820719EA42}.SingleImage|x86.Build.0 = Release|x86
		{12DF0A3A-1EA1-4DB5-BEAA-2E9F4E7CFD04}.CD_ROM|Any CPU.ActiveCfg = Release|Any CPU
		{12DF0A3A-1EA1-4DB5-BEAA-2E9F4E7CFD04}.CD_ROM|Any CPU.Build.0 = Release|Any CPU
		{12DF0A3A-1EA1-4DB5-BEAA-2E9F4E7CFD04}.CD_ROM|Mixed Platforms.ActiveCfg = Release|x86
		{12DF0A3A-1EA1-4DB5-BEAA-2E9F4E7CFD04}.CD_ROM|Mixed Platforms.Build.0 = Release|x86
		{12DF0A3A-1EA1-4DB5-BEAA-2E9F4E7CFD04}.CD_ROM|x64.ActiveCfg = Release|x64
		{12DF0A3A-1EA1-4DB5-BEAA-2E9F4E7CFD04}.CD_ROM|x64.Build.0 = Release|x64
		{12DF0A3A-1EA1-4DB5-BEAA-2E9F4E7CFD04}.CD_ROM|x86.ActiveCfg = Release|x86
		{12DF0A3A-1EA1-4DB5-BEAA-2E9F4E7CFD04}.CD_ROM|x86.Build.0 = Release|x86
		{12DF0A3A-1EA1-4DB5-BEAA-2E9F4E7CFD04}.Debug|Any CPU.ActiveCfg = Debug|Any CPU
		{12DF0A3A-1EA1-4DB5-BEAA-2E9F4E7CFD04}.Debug|Any CPU.Build.0 = Debug|Any CPU
		{12DF0A3A-1EA1-4DB5-BEAA-2E9F4E7CFD04}.Debug|Mixed Platforms.ActiveCfg = Debug|x86
		{12DF0A3A-1EA1-4DB5-BEAA-2E9F4E7CFD04}.Debug|Mixed Platforms.Build.0 = Debug|x86
		{12DF0A3A-1EA1-4DB5-BEAA-2E9F4E7CFD04}.Debug|x64.ActiveCfg = Debug|Any CPU
		{12DF0A3A-1EA1-4DB5-BEAA-2E9F4E7CFD04}.Debug|x86.ActiveCfg = Debug|x86
		{12DF0A3A-1EA1-4DB5-BEAA-2E9F4E7CFD04}.Debug|x86.Build.0 = Debug|x86
		{12DF0A3A-1EA1-4DB5-BEAA-2E9F4E7CFD04}.DVD-5|Any CPU.ActiveCfg = Debug|Any CPU
		{12DF0A3A-1EA1-4DB5-BEAA-2E9F4E7CFD04}.DVD-5|Any CPU.Build.0 = Debug|Any CPU
		{12DF0A3A-1EA1-4DB5-BEAA-2E9F4E7CFD04}.DVD-5|Mixed Platforms.ActiveCfg = Debug|x86
		{12DF0A3A-1EA1-4DB5-BEAA-2E9F4E7CFD04}.DVD-5|Mixed Platforms.Build.0 = Debug|x86
		{12DF0A3A-1EA1-4DB5-BEAA-2E9F4E7CFD04}.DVD-5|x64.ActiveCfg = Debug|x64
		{12DF0A3A-1EA1-4DB5-BEAA-2E9F4E7CFD04}.DVD-5|x64.Build.0 = Debug|x64
		{12DF0A3A-1EA1-4DB5-BEAA-2E9F4E7CFD04}.DVD-5|x86.ActiveCfg = Debug|x86
		{12DF0A3A-1EA1-4DB5-BEAA-2E9F4E7CFD04}.DVD-5|x86.Build.0 = Debug|x86
		{12DF0A3A-1EA1-4DB5-BEAA-2E9F4E7CFD04}.Release|Any CPU.ActiveCfg = Release|Any CPU
		{12DF0A3A-1EA1-4DB5-BEAA-2E9F4E7CFD04}.Release|Any CPU.Build.0 = Release|Any CPU
		{12DF0A3A-1EA1-4DB5-BEAA-2E9F4E7CFD04}.Release|Mixed Platforms.ActiveCfg = Release|x86
		{12DF0A3A-1EA1-4DB5-BEAA-2E9F4E7CFD04}.Release|Mixed Platforms.Build.0 = Release|x86
		{12DF0A3A-1EA1-4DB5-BEAA-2E9F4E7CFD04}.Release|x64.ActiveCfg = Release|Any CPU
		{12DF0A3A-1EA1-4DB5-BEAA-2E9F4E7CFD04}.Release|x86.ActiveCfg = Release|x86
		{12DF0A3A-1EA1-4DB5-BEAA-2E9F4E7CFD04}.Release|x86.Build.0 = Release|x86
		{12DF0A3A-1EA1-4DB5-BEAA-2E9F4E7CFD04}.SingleImage|Any CPU.ActiveCfg = Release|Any CPU
		{12DF0A3A-1EA1-4DB5-BEAA-2E9F4E7CFD04}.SingleImage|Any CPU.Build.0 = Release|Any CPU
		{12DF0A3A-1EA1-4DB5-BEAA-2E9F4E7CFD04}.SingleImage|Mixed Platforms.ActiveCfg = Release|x86
		{12DF0A3A-1EA1-4DB5-BEAA-2E9F4E7CFD04}.SingleImage|Mixed Platforms.Build.0 = Release|x86
		{12DF0A3A-1EA1-4DB5-BEAA-2E9F4E7CFD04}.SingleImage|x64.ActiveCfg = Release|x64
		{12DF0A3A-1EA1-4DB5-BEAA-2E9F4E7CFD04}.SingleImage|x64.Build.0 = Release|x64
		{12DF0A3A-1EA1-4DB5-BEAA-2E9F4E7CFD04}.SingleImage|x86.ActiveCfg = Release|x86
		{12DF0A3A-1EA1-4DB5-BEAA-2E9F4E7CFD04}.SingleImage|x86.Build.0 = Release|x86
		{426D0770-3E13-4763-9ABE-740CF682F3D8}.CD_ROM|Any CPU.ActiveCfg = Release|Any CPU
		{426D0770-3E13-4763-9ABE-740CF682F3D8}.CD_ROM|Any CPU.Build.0 = Release|Any CPU
		{426D0770-3E13-4763-9ABE-740CF682F3D8}.CD_ROM|Mixed Platforms.ActiveCfg = Release|Any CPU
		{426D0770-3E13-4763-9ABE-740CF682F3D8}.CD_ROM|Mixed Platforms.Build.0 = Release|Any CPU
		{426D0770-3E13-4763-9ABE-740CF682F3D8}.CD_ROM|x64.ActiveCfg = Release|Any CPU
		{426D0770-3E13-4763-9ABE-740CF682F3D8}.CD_ROM|x86.ActiveCfg = Release|Any CPU
		{426D0770-3E13-4763-9ABE-740CF682F3D8}.Debug|Any CPU.ActiveCfg = Debug|Any CPU
		{426D0770-3E13-4763-9ABE-740CF682F3D8}.Debug|Any CPU.Build.0 = Debug|Any CPU
		{426D0770-3E13-4763-9ABE-740CF682F3D8}.Debug|Mixed Platforms.ActiveCfg = Debug|Any CPU
		{426D0770-3E13-4763-9ABE-740CF682F3D8}.Debug|Mixed Platforms.Build.0 = Debug|Any CPU
		{426D0770-3E13-4763-9ABE-740CF682F3D8}.Debug|x64.ActiveCfg = Debug|Any CPU
		{426D0770-3E13-4763-9ABE-740CF682F3D8}.Debug|x86.ActiveCfg = Debug|x86
		{426D0770-3E13-4763-9ABE-740CF682F3D8}.Debug|x86.Build.0 = Debug|x86
		{426D0770-3E13-4763-9ABE-740CF682F3D8}.DVD-5|Any CPU.ActiveCfg = Debug|Any CPU
		{426D0770-3E13-4763-9ABE-740CF682F3D8}.DVD-5|Any CPU.Build.0 = Debug|Any CPU
		{426D0770-3E13-4763-9ABE-740CF682F3D8}.DVD-5|Mixed Platforms.ActiveCfg = Debug|Any CPU
		{426D0770-3E13-4763-9ABE-740CF682F3D8}.DVD-5|Mixed Platforms.Build.0 = Debug|Any CPU
		{426D0770-3E13-4763-9ABE-740CF682F3D8}.DVD-5|x64.ActiveCfg = Debug|Any CPU
		{426D0770-3E13-4763-9ABE-740CF682F3D8}.DVD-5|x86.ActiveCfg = Debug|Any CPU
		{426D0770-3E13-4763-9ABE-740CF682F3D8}.Release|Any CPU.ActiveCfg = Release|Any CPU
		{426D0770-3E13-4763-9ABE-740CF682F3D8}.Release|Any CPU.Build.0 = Release|Any CPU
		{426D0770-3E13-4763-9ABE-740CF682F3D8}.Release|Mixed Platforms.ActiveCfg = Release|Any CPU
		{426D0770-3E13-4763-9ABE-740CF682F3D8}.Release|Mixed Platforms.Build.0 = Release|Any CPU
		{426D0770-3E13-4763-9ABE-740CF682F3D8}.Release|x64.ActiveCfg = Release|Any CPU
		{426D0770-3E13-4763-9ABE-740CF682F3D8}.Release|x86.ActiveCfg = Release|x86
		{426D0770-3E13-4763-9ABE-740CF682F3D8}.Release|x86.Build.0 = Release|x86
		{426D0770-3E13-4763-9ABE-740CF682F3D8}.SingleImage|Any CPU.ActiveCfg = Release|Any CPU
		{426D0770-3E13-4763-9ABE-740CF682F3D8}.SingleImage|Any CPU.Build.0 = Release|Any CPU
		{426D0770-3E13-4763-9ABE-740CF682F3D8}.SingleImage|Mixed Platforms.ActiveCfg = Release|Any CPU
		{426D0770-3E13-4763-9ABE-740CF682F3D8}.SingleImage|Mixed Platforms.Build.0 = Release|Any CPU
		{426D0770-3E13-4763-9ABE-740CF682F3D8}.SingleImage|x64.ActiveCfg = Release|Any CPU
		{426D0770-3E13-4763-9ABE-740CF682F3D8}.SingleImage|x86.ActiveCfg = Release|Any CPU
		{6C3F4206-4A00-4BE0-9833-F234DAF31A0E}.CD_ROM|Any CPU.ActiveCfg = Release|Any CPU
		{6C3F4206-4A00-4BE0-9833-F234DAF31A0E}.CD_ROM|Any CPU.Build.0 = Release|Any CPU
		{6C3F4206-4A00-4BE0-9833-F234DAF31A0E}.CD_ROM|Mixed Platforms.ActiveCfg = Release|Any CPU
		{6C3F4206-4A00-4BE0-9833-F234DAF31A0E}.CD_ROM|Mixed Platforms.Build.0 = Release|Any CPU
		{6C3F4206-4A00-4BE0-9833-F234DAF31A0E}.CD_ROM|x64.ActiveCfg = Release|Any CPU
		{6C3F4206-4A00-4BE0-9833-F234DAF31A0E}.CD_ROM|x64.Build.0 = Release|Any CPU
		{6C3F4206-4A00-4BE0-9833-F234DAF31A0E}.CD_ROM|x86.ActiveCfg = Release|Any CPU
		{6C3F4206-4A00-4BE0-9833-F234DAF31A0E}.CD_ROM|x86.Build.0 = Release|Any CPU
		{6C3F4206-4A00-4BE0-9833-F234DAF31A0E}.Debug|Any CPU.ActiveCfg = Debug|Any CPU
		{6C3F4206-4A00-4BE0-9833-F234DAF31A0E}.Debug|Any CPU.Build.0 = Debug|Any CPU
		{6C3F4206-4A00-4BE0-9833-F234DAF31A0E}.Debug|Mixed Platforms.ActiveCfg = Debug|Any CPU
		{6C3F4206-4A00-4BE0-9833-F234DAF31A0E}.Debug|Mixed Platforms.Build.0 = Debug|Any CPU
		{6C3F4206-4A00-4BE0-9833-F234DAF31A0E}.Debug|x64.ActiveCfg = Debug|Any CPU
		{6C3F4206-4A00-4BE0-9833-F234DAF31A0E}.Debug|x64.Build.0 = Debug|Any CPU
		{6C3F4206-4A00-4BE0-9833-F234DAF31A0E}.Debug|x86.ActiveCfg = Debug|x86
		{6C3F4206-4A00-4BE0-9833-F234DAF31A0E}.Debug|x86.Build.0 = Debug|x86
		{6C3F4206-4A00-4BE0-9833-F234DAF31A0E}.DVD-5|Any CPU.ActiveCfg = Debug|Any CPU
		{6C3F4206-4A00-4BE0-9833-F234DAF31A0E}.DVD-5|Any CPU.Build.0 = Debug|Any CPU
		{6C3F4206-4A00-4BE0-9833-F234DAF31A0E}.DVD-5|Mixed Platforms.ActiveCfg = Debug|Any CPU
		{6C3F4206-4A00-4BE0-9833-F234DAF31A0E}.DVD-5|Mixed Platforms.Build.0 = Debug|Any CPU
		{6C3F4206-4A00-4BE0-9833-F234DAF31A0E}.DVD-5|x64.ActiveCfg = Debug|Any CPU
		{6C3F4206-4A00-4BE0-9833-F234DAF31A0E}.DVD-5|x64.Build.0 = Debug|Any CPU
		{6C3F4206-4A00-4BE0-9833-F234DAF31A0E}.DVD-5|x86.ActiveCfg = Debug|Any CPU
		{6C3F4206-4A00-4BE0-9833-F234DAF31A0E}.DVD-5|x86.Build.0 = Debug|Any CPU
		{6C3F4206-4A00-4BE0-9833-F234DAF31A0E}.Release|Any CPU.ActiveCfg = Release|Any CPU
		{6C3F4206-4A00-4BE0-9833-F234DAF31A0E}.Release|Any CPU.Build.0 = Release|Any CPU
		{6C3F4206-4A00-4BE0-9833-F234DAF31A0E}.Release|Mixed Platforms.ActiveCfg = Release|Any CPU
		{6C3F4206-4A00-4BE0-9833-F234DAF31A0E}.Release|Mixed Platforms.Build.0 = Release|Any CPU
		{6C3F4206-4A00-4BE0-9833-F234DAF31A0E}.Release|x64.ActiveCfg = Release|Any CPU
		{6C3F4206-4A00-4BE0-9833-F234DAF31A0E}.Release|x64.Build.0 = Release|Any CPU
		{6C3F4206-4A00-4BE0-9833-F234DAF31A0E}.Release|x86.ActiveCfg = Release|Any CPU
		{6C3F4206-4A00-4BE0-9833-F234DAF31A0E}.Release|x86.Build.0 = Release|Any CPU
		{6C3F4206-4A00-4BE0-9833-F234DAF31A0E}.SingleImage|Any CPU.ActiveCfg = Release|Any CPU
		{6C3F4206-4A00-4BE0-9833-F234DAF31A0E}.SingleImage|Any CPU.Build.0 = Release|Any CPU
		{6C3F4206-4A00-4BE0-9833-F234DAF31A0E}.SingleImage|Mixed Platforms.ActiveCfg = Release|Any CPU
		{6C3F4206-4A00-4BE0-9833-F234DAF31A0E}.SingleImage|Mixed Platforms.Build.0 = Release|Any CPU
		{6C3F4206-4A00-4BE0-9833-F234DAF31A0E}.SingleImage|x64.ActiveCfg = Release|Any CPU
		{6C3F4206-4A00-4BE0-9833-F234DAF31A0E}.SingleImage|x64.Build.0 = Release|Any CPU
		{6C3F4206-4A00-4BE0-9833-F234DAF31A0E}.SingleImage|x86.ActiveCfg = Release|Any CPU
		{6C3F4206-4A00-4BE0-9833-F234DAF31A0E}.SingleImage|x86.Build.0 = Release|Any CPU
	EndGlobalSection
	GlobalSection(SolutionProperties) = preSolution
		HideSolutionNode = FALSE
	EndGlobalSection
EndGlobal
