
Microsoft Visual Studio Solution File, Format Version 12.00
# Visual Studio 14
VisualStudioVersion = 14.0.25420.1
MinimumVisualStudioVersion = 10.0.40219.1
Project("{FAE04EC0-301F-11D3-BF4B-00C04F79EFBC}") = "Lift", "Lift.csproj", "{8AD2B340-45B4-4C48-8D83-7435498D3537}"
EndProject
Project("{FAE04EC0-301F-11D3-BF4B-00C04F79EFBC}") = "LiftLib", "LiftLib\LiftLib.csproj", "{6C3F4206-4A00-4BE0-9833-F234DAF31A0E}"
EndProject
Global
	GlobalSection(SolutionConfigurationPlatforms) = preSolution
		Debug|Any CPU = Debug|Any CPU
		Release|Any CPU = Release|Any CPU
	EndGlobalSection
	GlobalSection(ProjectConfigurationPlatforms) = postSolution
		{8AD2B340-45B4-4C48-8D83-7435498D3537}.Debug|Any CPU.ActiveCfg = Debug|Any CPU
		{8AD2B340-45B4-4C48-8D83-7435498D3537}.Debug|Any CPU.Build.0 = Debug|Any CPU
		{8AD2B340-45B4-4C48-8D83-7435498D3537}.Release|Any CPU.ActiveCfg = Release|Any CPU
		{8AD2B340-45B4-4C48-8D83-7435498D3537}.Release|Any CPU.Build.0 = Release|Any CPU
		{6C3F4206-4A00-4BE0-9833-F234DAF31A0E}.Debug|Any CPU.ActiveCfg = Debug|Any CPU
		{6C3F4206-4A00-4BE0-9833-F234DAF31A0E}.Debug|Any CPU.Build.0 = Debug|Any CPU
		{6C3F4206-4A00-4BE0-9833-F234DAF31A0E}.Release|Any CPU.ActiveCfg = Release|Any CPU
		{6C3F4206-4A00-4BE0-9833-F234DAF31A0E}.Release|Any CPU.Build.0 = Release|Any CPU
	EndGlobalSection
	GlobalSection(SolutionProperties) = preSolution
		HideSolutionNode = FALSE
	EndGlobalSection
	GlobalSection(ExtensibilityGlobals) = postSolution
		SolutionGuid = {68D02AE2-FEF6-483B-853D-9AE891AA98C4}
	EndGlobalSection
EndGlobal
